# THIS IS AN AUTOGENERATED FILE. DO NOT EDIT THIS FILE DIRECTLY.
# yarn lockfile v1


"@cronvel/get-pixels@^3.3.1":
  version "3.3.1"
  resolved "https://registry.npmjs.org/@cronvel/get-pixels/-/get-pixels-3.3.1.tgz#cd8bfd7d9985fb282aa8ad765137454ecfacafbe"
  integrity sha512-jgDb8vGPkpjRDbiYyHTI2Bna4HJysjPNSiERzBnRJjCR/YqC3u0idTae0tmNECsaZLOpAWmlK9wiIwnLGIT9Bg==
  dependencies:
    jpeg-js "^0.1.1"
    ndarray "^1.0.13"
    ndarray-pack "^1.1.1"
    node-bitmap "0.0.1"
    omggif "^1.0.5"
    pngjs "^2.0.0"

asap@^2.0.6:
  version "2.0.6"
  resolved "https://registry.npmjs.org/asap/-/asap-2.0.6.tgz#e50347611d7e690943208bbdafebcbc2fb866d46"
  integrity sha1-5QNHYR1+aQlDIIu9r+vLwvuGbUY=

cwise-compiler@^1.1.2:
  version "1.1.3"
  resolved "https://registry.npmjs.org/cwise-compiler/-/cwise-compiler-1.1.3.tgz#f4d667410e850d3a313a7d2db7b1e505bb034cc5"
  integrity sha1-9NZnQQ6FDToxOn0tt7HlBbsDTMU=
  dependencies:
    uniq "^1.0.0"

dnscache@^1.0.2:
  version "1.0.2"
  resolved "https://registry.npmjs.org/dnscache/-/dnscache-1.0.2.tgz#fd3c24d66c141625f594c77be7a8dafee2a66c8a"
  integrity sha512-2FFKzmLGOnD+Y378bRKH+gTjRMuSpH7OKgPy31KjjfCoKZx7tU8Dmqfd/3fhG2d/4bppuN8/KtWMUZBAcUCRnQ==
  dependencies:
    asap "^2.0.6"
    lodash.clone "^4.5.0"

iota-array@^1.0.0:
  version "1.0.0"
  resolved "https://registry.npmjs.org/iota-array/-/iota-array-1.0.0.tgz#81ef57fe5d05814cd58c2483632a99c30a0e8087"
  integrity sha1-ge9X/l0FgUzVjCSDYyqZwwoOgIc=

is-buffer@^1.0.2:
  version "1.1.6"
  resolved "https://registry.npmjs.org/is-buffer/-/is-buffer-1.1.6.tgz#efaa2ea9daa0d7ab2ea13a97b2b8ad51fefbe8be"
  integrity sha512-NcdALwpXkTm5Zvvbk7owOUSvVvBKDgKP5/ewfXEznmQFfs4ZRmanOeKBTjRVjka3QFoN6XJ+9F3USqfHqTaU5w==

jpeg-js@^0.1.1:
  version "0.1.2"
  resolved "https://registry.npmjs.org/jpeg-js/-/jpeg-js-0.1.2.tgz#135b992c0575c985cfa0f494a3227ed238583ece"
  integrity sha1-E1uZLAV1yYXPoPSUoyJ+0jhYPs4=

lazyness@^1.1.1:
  version "1.1.1"
  resolved "https://registry.npmjs.org/lazyness/-/lazyness-1.1.1.tgz#d5a7b63a217254bcd559f9b17753c92b70a84d81"
  integrity sha512-rYHC6l6LeRlJSt5jxpqN8z/49gZ0CqLi89HAGzJjHahCFlqEjFGFN9O15hmzSzUGFl7zN/vOWduv/+0af3r/kQ==

line-buffer@0.1.x:
  version "0.1.4"
  resolved "https://registry.npmjs.org/line-buffer/-/line-buffer-0.1.4.tgz#e07de183310b60122fde4b335cf6606543ffb1d3"
  integrity sha1-4H3hgzELYBIv3kszXPZgZUP/sdM=

lodash.clone@^4.5.0:
  version "4.5.0"
  resolved "https://registry.npmjs.org/lodash.clone/-/lodash.clone-4.5.0.tgz#195870450f5a13192478df4bc3d23d2dea1907b6"
  integrity sha1-GVhwRQ9aExkkeN9Lw9I9LeoZB7Y=

lodash@^4.17.19:
  version "4.17.19"
  resolved "https://registry.yarnpkg.com/lodash/-/lodash-4.17.19.tgz#e48ddedbe30b3321783c5b4301fbd353bc1e4a4b"
  integrity sha512-JNvd8XER9GQX0v2qJgsaN/mzFCNA5BRe/j8JN9d+tWyGLSodKQHKFicdwNYzWwI3wjRnaKPsGj1XkBjx/F96DQ==

mailcheck@^1.1.1:
  version "1.1.1"
  resolved "https://registry.npmjs.org/mailcheck/-/mailcheck-1.1.1.tgz#d87cf6ba0b64ba512199dbf93f1489f479591e34"
  integrity sha1-2Hz2ugtkulEhmdv5PxSJ9HlZHjQ=

ndarray-pack@^1.1.1:
  version "1.2.1"
  resolved "https://registry.npmjs.org/ndarray-pack/-/ndarray-pack-1.2.1.tgz#8caebeaaa24d5ecf70ff86020637977da8ee585a"
  integrity sha1-jK6+qqJNXs9w/4YCBjeXfajuWFo=
  dependencies:
    cwise-compiler "^1.1.2"
    ndarray "^1.0.13"

ndarray@^1.0.13, ndarray@^1.0.18:
  version "1.0.18"
  resolved "https://registry.npmjs.org/ndarray/-/ndarray-1.0.18.tgz#b60d3a73224ec555d0faa79711e502448fd3f793"
  integrity sha1-tg06cyJOxVXQ+qeXEeUCRI/T95M=
  dependencies:
    iota-array "^1.0.0"
    is-buffer "^1.0.2"

nextgen-events@^1.1.1:
  version "1.1.1"
  resolved "https://registry.npmjs.org/nextgen-events/-/nextgen-events-1.1.1.tgz#3595ad9405deaf0d982fd8d584747186370ec91f"
  integrity sha512-vnKAjcvttm+ILOpLuNEFUuqYAfMYfvThpTGLLZT8w+mSCMmnRsKt/qWNuNkb3/RgNyon3EqPT6bDy4xSJkbKsA==

node-bitmap@0.0.1:
  version "0.0.1"
  resolved "https://registry.npmjs.org/node-bitmap/-/node-bitmap-0.0.1.tgz#180eac7003e0c707618ef31368f62f84b2a69091"
  integrity sha1-GA6scAPgxwdhjvMTaPYvhLKmkJE=

node-color-log@^2.2.0:
  version "2.2.0"
  resolved "https://registry.npmjs.org/node-color-log/-/node-color-log-2.2.0.tgz#a8608743820164d2897176a8cb62538ee0dd80c0"
  integrity sha512-Bzr3CbIMmzlVTioYNzPz1qLwQDdajM7Om6A+1DgTQq4IqsdM5UabfWysuWnsN/jrhj8kiFCNqJousxYeN4PP9w==

omggif@^1.0.5:
  version "1.0.10"
  resolved "https://registry.npmjs.org/omggif/-/omggif-1.0.10.tgz#ddaaf90d4a42f532e9e7cb3a95ecdd47f17c7b19"
  integrity sha512-LMJTtvgc/nugXj0Vcrrs68Mn2D1r0zf630VNtqtpI1FEO7e+O9FP4gqs9AcnBaSEeoHIPm28u6qgPR0oyEpGSw==

pngjs@^2.0.0:
  version "2.3.1"
  resolved "https://registry.npmjs.org/pngjs/-/pngjs-2.3.1.tgz#11d1e12b9cb64d63e30c143a330f4c1f567da85f"
  integrity sha1-EdHhK5y2TWPjDBQ6Mw9MH1Z9qF8=

promised-timeout@0.2.x:
  version "0.2.0"
  resolved "https://registry.npmjs.org/promised-timeout/-/promised-timeout-0.2.0.tgz#45eafcf5ed9457e2e60efa77c2c860d6ef1d816e"
  integrity sha1-Rer89e2UV+LmDvp3wshg1u8dgW4=

queue-promised@^0.0.10:
  version "0.0.10"
  resolved "https://registry.npmjs.org/queue-promised/-/queue-promised-0.0.10.tgz#bc84c5ff0131b355775e7b5727f805672d2a41aa"
  integrity sha512-1QeeXKiq+foD3tRG9ZlrM1Ww5LftgkEzRiqasU7XNg/lFVe2Ci0Ku0lODc6JFmxNbkOD+xHVvdvYyh+LQODfgA==
  dependencies:
    uuid "^3.3.2"

setimmediate@^1.0.5:
  version "1.0.5"
  resolved "https://registry.npmjs.org/setimmediate/-/setimmediate-1.0.5.tgz#290cbb232e306942d7d7ea9b83732ab7856f8285"
  integrity sha1-KQy7Iy4waULX1+qbg3Mqt4VvgoU=

seventh@^0.7.24:
  version "0.7.27"
  resolved "https://registry.npmjs.org/seventh/-/seventh-0.7.27.tgz#f5174fd8cf4fddfd0d45ff6cb200f4700a0ebaea"
  integrity sha512-vId7EbEQ7xr+wjBBFQBChtLzbqIQWe0cNtZMGtOVBig5p1XrsjVXvkBhdVcJRJdDh6pnn/5h5ai+208fDldXXA==
  dependencies:
    setimmediate "^1.0.5"

"smtp-channel@https://github.com/nemanjan00/smtp-channel.git#3ea0bfa":
  version "0.2.2"
  resolved "https://github.com/nemanjan00/smtp-channel.git#3ea0bfa5a41828986ffeb75bb9e0943c89483ff9"
  dependencies:
    line-buffer "0.1.x"
    promised-timeout "0.2.x"

"smtp-client@https://github.com/nemanjan00/smtp-client.git#c94a780":
  version "0.3.1"
  resolved "https://github.com/nemanjan00/smtp-client.git#c94a7803cd57f43533dfd89913a3e3bfd54b077c"
  dependencies:
    promised-timeout "0.2.x"
    smtp-channel "https://github.com/nemanjan00/smtp-channel.git#3ea0bfa"

string-kit@^0.9.9:
  version "0.9.9"
  resolved "https://registry.npmjs.org/string-kit/-/string-kit-0.9.9.tgz#f88201b669f19515aa683d46101fe965d08a1bb2"
  integrity sha512-YwLqI6rV7reNnUZA/xTwEhIsLGiziOO5KbJUQzLiolamQD/iplTOIjtKdRblCZORQSzrFvldULK7LE/q+VG4gw==

terminal-kit@^1.28.42:
  version "1.28.42"
  resolved "https://registry.npmjs.org/terminal-kit/-/terminal-kit-1.28.42.tgz#4a47eaea012d1750fe35d44eed34497257cd8af0"
  integrity sha512-vLfJj7fpF5OTP3qX1KjdR8bCA9mynYUVuRIswt9YKhqzElsrZhWVZ1qGXXmd6cExh81Op92gbyTSJYJphUNknQ==
  dependencies:
    "@cronvel/get-pixels" "^3.3.1"
    lazyness "^1.1.1"
    ndarray "^1.0.18"
    nextgen-events "^1.1.1"
    seventh "^0.7.24"
    string-kit "^0.9.9"
    tree-kit "^0.6.1"

tree-kit@^0.6.1:
  version "0.6.1"
  resolved "https://registry.npmjs.org/tree-kit/-/tree-kit-0.6.1.tgz#178e1f84944d7c6e4b15eb52fedace1b76a885dd"
  integrity sha512-7mV4KbsLMuA6ths3J1wpVUj2PLmLdoNEGnP9fm3kxef4UXYC/A0rL5gKsqtkUaCMuRYUMORyioy8IpBWUBQ1Ig==

uniq@^1.0.0:
  version "1.0.1"
  resolved "https://registry.npmjs.org/uniq/-/uniq-1.0.1.tgz#b31c5ae8254844a3a8281541ce2b04b865a734ff"
  integrity sha1-sxxa6CVIRKOoKBVBzisEuGWnNP8=

uuid@^3.3.2:
  version "3.3.2"
  resolved "https://registry.npmjs.org/uuid/-/uuid-3.3.2.tgz#1b4af4955eb3077c501c23872fc6513811587131"
  integrity sha512-yXJmeNaw3DnnKAOKJE51sL/ZaYfWJRl1pK9dr19YFCu0ObS231AB1/LbqTKRAQ5kw8A90rA6fr4riOUpTZvQZA==

validator@^11.1.0:
  version "11.1.0"
  resolved "https://registry.npmjs.org/validator/-/validator-11.1.0.tgz#ac18cac42e0aa5902b603d7a5d9b7827e2346ac4"
  integrity sha512-qiQ5ktdO7CD6C/5/mYV4jku/7qnqzjrxb3C/Q5wR3vGGinHTgJZN/TdFT3ZX4vXhX2R1PXx42fB1cn5W+uJ4lg==
